
Microsoft Visual Studio Solution File, Format Version 12.00
# Visual Studio 2012
Project("{FAE04EC0-301F-11D3-BF4B-00C04F79EFBC}") = "AppCalculadora1", "AppCalculadora1\AppCalculadora1.csproj", "{7AD617A7-4382-408D-8D14-8B7CB332AE43}"
EndProject
Global
	GlobalSection(SolutionConfigurationPlatforms) = preSolution
		Debug|Any CPU = Debug|Any CPU
		Release|Any CPU = Release|Any CPU
	EndGlobalSection
	GlobalSection(ProjectConfigurationPlatforms) = postSolution
		{7AD617A7-4382-408D-8D14-8B7CB332AE43}.Debug|Any CPU.ActiveCfg = Debug|Any CPU
		{7AD617A7-4382-408D-8D14-8B7CB332AE43}.Debug|Any CPU.Build.0 = Debug|Any CPU
		{7AD617A7-4382-408D-8D14-8B7CB332AE43}.Release|Any CPU.ActiveCfg = Release|Any CPU
		{7AD617A7-4382-408D-8D14-8B7CB332AE43}.Release|Any CPU.Build.0 = Release|Any CPU
	EndGlobalSection
	GlobalSection(SolutionProperties) = preSolution
		HideSolutionNode = FALSE
	EndGlobalSection
EndGlobal
